// !$*UTF8*$!
{
	archiveVersion = 1;
	classes = {
	};
	objectVersion = 56;
	objects = {

/* Begin PBXBuildFile section */
		E4CD66DB2C08625000E4999A /* profilrApp.swift in Sources */ = {isa = PBXBuildFile; fileRef = E4CD66DA2C08625000E4999A /* profilrApp.swift */; };
		E4CD66DD2C08625000E4999A /* ContentView.swift in Sources */ = {isa = PBXBuildFile; fileRef = E4CD66DC2C08625000E4999A /* ContentView.swift */; };
		E4CD66DF2C08625100E4999A /* Assets.xcassets in Resources */ = {isa = PBXBuildFile; fileRef = E4CD66DE2C08625100E4999A /* Assets.xcassets */; };
		E4CD66E22C08625100E4999A /* Preview Assets.xcassets in Resources */ = {isa = PBXBuildFile; fileRef = E4CD66E12C08625100E4999A /* Preview Assets.xcassets */; };
		E4CD66EC2C08625100E4999A /* profilrTests.swift in Sources */ = {isa = PBXBuildFile; fileRef = E4CD66EB2C08625100E4999A /* profilrTests.swift */; };
		E4CD66F62C08625100E4999A /* profilrUITests.swift in Sources */ = {isa = PBXBuildFile; fileRef = E4CD66F52C08625100E4999A /* profilrUITests.swift */; };
		E4CD66F82C08625100E4999A /* profilrUITestsLaunchTests.swift in Sources */ = {isa = PBXBuildFile; fileRef = E4CD66F72C08625100E4999A /* profilrUITestsLaunchTests.swift */; };
		E4CD67082C08647600E4999A /* RegisterView.swift in Sources */ = {isa = PBXBuildFile; fileRef = E4CD67072C08647600E4999A /* RegisterView.swift */; };
		E4CD670A2C086B5800E4999A /* LoginView.swift in Sources */ = {isa = PBXBuildFile; fileRef = E4CD67092C086B5800E4999A /* LoginView.swift */; };
/* End PBXBuildFile section */

/* Begin PBXContainerItemProxy section */
		E4CD66E82C08625100E4999A /* PBXContainerItemProxy */ = {
			isa = PBXContainerItemProxy;
			containerPortal = E4CD66CF2C08625000E4999A /* Project object */;
			proxyType = 1;
			remoteGlobalIDString = E4CD66D62C08625000E4999A;
			remoteInfo = profilr;
		};
		E4CD66F22C08625100E4999A /* PBXContainerItemProxy */ = {
			isa = PBXContainerItemProxy;
			containerPortal = E4CD66CF2C08625000E4999A /* Project object */;
			proxyType = 1;
			remoteGlobalIDString = E4CD66D62C08625000E4999A;
			remoteInfo = profilr;
		};
/* End PBXContainerItemProxy section */

/* Begin PBXFileReference section */
		E4CD66D72C08625000E4999A /* profilr.app */ = {isa = PBXFileReference; explicitFileType = wrapper.application; includeInIndex = 0; path = profilr.app; sourceTree = BUILT_PRODUCTS_DIR; };
		E4CD66DA2C08625000E4999A /* profilrApp.swift */ = {isa = PBXFileReference; lastKnownFileType = sourcecode.swift; path = profilrApp.swift; sourceTree = "<group>"; };
		E4CD66DC2C08625000E4999A /* ContentView.swift */ = {isa = PBXFileReference; lastKnownFileType = sourcecode.swift; path = ContentView.swift; sourceTree = "<group>"; };
		E4CD66DE2C08625100E4999A /* Assets.xcassets */ = {isa = PBXFileReference; lastKnownFileType = folder.assetcatalog; path = Assets.xcassets; sourceTree = "<group>"; };
		E4CD66E12C08625100E4999A /* Preview Assets.xcassets */ = {isa = PBXFileReference; lastKnownFileType = folder.assetcatalog; path = "Preview Assets.xcassets"; sourceTree = "<group>"; };
		E4CD66E72C08625100E4999A /* profilrTests.xctest */ = {isa = PBXFileReference; explicitFileType = wrapper.cfbundle; includeInIndex = 0; path = profilrTests.xctest; sourceTree = BUILT_PRODUCTS_DIR; };
		E4CD66EB2C08625100E4999A /* profilrTests.swift */ = {isa = PBXFileReference; lastKnownFileType = sourcecode.swift; path = profilrTests.swift; sourceTree = "<group>"; };
		E4CD66F12C08625100E4999A /* profilrUITests.xctest */ = {isa = PBXFileReference; explicitFileType = wrapper.cfbundle; includeInIndex = 0; path = profilrUITests.xctest; sourceTree = BUILT_PRODUCTS_DIR; };
		E4CD66F52C08625100E4999A /* profilrUITests.swift */ = {isa = PBXFileReference; lastKnownFileType = sourcecode.swift; path = profilrUITests.swift; sourceTree = "<group>"; };
		E4CD66F72C08625100E4999A /* profilrUITestsLaunchTests.swift */ = {isa = PBXFileReference; lastKnownFileType = sourcecode.swift; path = profilrUITestsLaunchTests.swift; sourceTree = "<group>"; };
		E4CD67072C08647600E4999A /* RegisterView.swift */ = {isa = PBXFileReference; lastKnownFileType = sourcecode.swift; path = RegisterView.swift; sourceTree = "<group>"; };
		E4CD67092C086B5800E4999A /* LoginView.swift */ = {isa = PBXFileReference; lastKnownFileType = sourcecode.swift; path = LoginView.swift; sourceTree = "<group>"; };
/* End PBXFileReference section */

/* Begin PBXFrameworksBuildPhase section */
		E4CD66D42C08625000E4999A /* Frameworks */ = {
			isa = PBXFrameworksBuildPhase;
			buildActionMask = 2147483647;
			files = (
			);
			runOnlyForDeploymentPostprocessing = 0;
		};
		E4CD66E42C08625100E4999A /* Frameworks */ = {
			isa = PBXFrameworksBuildPhase;
			buildActionMask = 2147483647;
			files = (
			);
			runOnlyForDeploymentPostprocessing = 0;
		};
		E4CD66EE2C08625100E4999A /* Frameworks */ = {
			isa = PBXFrameworksBuildPhase;
			buildActionMask = 2147483647;
			files = (
			);
			runOnlyForDeploymentPostprocessing = 0;
		};
/* End PBXFrameworksBuildPhase section */

/* Begin PBXGroup section */
		E4CD66CE2C08625000E4999A = {
			isa = PBXGroup;
			children = (
				E4CD66D92C08625000E4999A /* profilr */,
				E4CD66EA2C08625100E4999A /* profilrTests */,
				E4CD66F42C08625100E4999A /* profilrUITests */,
				E4CD66D82C08625000E4999A /* Products */,
			);
			sourceTree = "<group>";
		};
		E4CD66D82C08625000E4999A /* Products */ = {
			isa = PBXGroup;
			children = (
				E4CD66D72C08625000E4999A /* profilr.app */,
				E4CD66E72C08625100E4999A /* profilrTests.xctest */,
				E4CD66F12C08625100E4999A /* profilrUITests.xctest */,
			);
			name = Products;
			sourceTree = "<group>";
		};
		E4CD66D92C08625000E4999A /* profilr */ = {
			isa = PBXGroup;
			children = (
				E4CD66DA2C08625000E4999A /* profilrApp.swift */,
				E4CD67062C08644D00E4999A /* Views */,
				E4CD67052C08644600E4999A /* ViewModels */,
				E4CD67042C08643D00E4999A /* Models */,
				E4CD66DC2C08625000E4999A /* ContentView.swift */,
				E4CD66DE2C08625100E4999A /* Assets.xcassets */,
				E4CD66E02C08625100E4999A /* Preview Content */,
			);
			path = profilr;
			sourceTree = "<group>";
		};
		E4CD66E02C08625100E4999A /* Preview Content */ = {
			isa = PBXGroup;
			children = (
				E4CD66E12C08625100E4999A /* Preview Assets.xcassets */,
			);
			path = "Preview Content";
			sourceTree = "<group>";
		};
		E4CD66EA2C08625100E4999A /* profilrTests */ = {
			isa = PBXGroup;
			children = (
				E4CD66EB2C08625100E4999A /* profilrTests.swift */,
			);
			path = profilrTests;
			sourceTree = "<group>";
		};
		E4CD66F42C08625100E4999A /* profilrUITests */ = {
			isa = PBXGroup;
			children = (
				E4CD66F52C08625100E4999A /* profilrUITests.swift */,
				E4CD66F72C08625100E4999A /* profilrUITestsLaunchTests.swift */,
			);
			path = profilrUITests;
			sourceTree = "<group>";
		};
		E4CD67042C08643D00E4999A /* Models */ = {
			isa = PBXGroup;
			children = (
			);
			path = Models;
			sourceTree = "<group>";
		};
		E4CD67052C08644600E4999A /* ViewModels */ = {
			isa = PBXGroup;
			children = (
			);
			path = ViewModels;
			sourceTree = "<group>";
		};
		E4CD67062C08644D00E4999A /* Views */ = {
			isa = PBXGroup;
			children = (
				E4CD67072C08647600E4999A /* RegisterView.swift */,
				E4CD67092C086B5800E4999A /* LoginView.swift */,
			);
			path = Views;
			sourceTree = "<group>";
		};
/* End PBXGroup section */

/* Begin PBXNativeTarget section */
		E4CD66D62C08625000E4999A /* profilr */ = {
			isa = PBXNativeTarget;
			buildConfigurationList = E4CD66FB2C08625100E4999A /* Build configuration list for PBXNativeTarget "profilr" */;
			buildPhases = (
				E4CD66D32C08625000E4999A /* Sources */,
				E4CD66D42C08625000E4999A /* Frameworks */,
				E4CD66D52C08625000E4999A /* Resources */,
			);
			buildRules = (
			);
			dependencies = (
			);
			name = profilr;
			productName = profilr;
			productReference = E4CD66D72C08625000E4999A /* profilr.app */;
			productType = "com.apple.product-type.application";
		};
		E4CD66E62C08625100E4999A /* profilrTests */ = {
			isa = PBXNativeTarget;
			buildConfigurationList = E4CD66FE2C08625100E4999A /* Build configuration list for PBXNativeTarget "profilrTests" */;
			buildPhases = (
				E4CD66E32C08625100E4999A /* Sources */,
				E4CD66E42C08625100E4999A /* Frameworks */,
				E4CD66E52C08625100E4999A /* Resources */,
			);
			buildRules = (
			);
			dependencies = (
				E4CD66E92C08625100E4999A /* PBXTargetDependency */,
			);
			name = profilrTests;
			productName = profilrTests;
			productReference = E4CD66E72C08625100E4999A /* profilrTests.xctest */;
			productType = "com.apple.product-type.bundle.unit-test";
		};
		E4CD66F02C08625100E4999A /* profilrUITests */ = {
			isa = PBXNativeTarget;
			buildConfigurationList = E4CD67012C08625100E4999A /* Build configuration list for PBXNativeTarget "profilrUITests" */;
			buildPhases = (
				E4CD66ED2C08625100E4999A /* Sources */,
				E4CD66EE2C08625100E4999A /* Frameworks */,
				E4CD66EF2C08625100E4999A /* Resources */,
			);
			buildRules = (
			);
			dependencies = (
				E4CD66F32C08625100E4999A /* PBXTargetDependency */,
			);
			name = profilrUITests;
			productName = profilrUITests;
			productReference = E4CD66F12C08625100E4999A /* profilrUITests.xctest */;
			productType = "com.apple.product-type.bundle.ui-testing";
		};
/* End PBXNativeTarget section */

/* Begin PBXProject section */
		E4CD66CF2C08625000E4999A /* Project object */ = {
			isa = PBXProject;
			attributes = {
				BuildIndependentTargetsInParallel = 1;
				LastSwiftUpdateCheck = 1540;
				LastUpgradeCheck = 1540;
				TargetAttributes = {
					E4CD66D62C08625000E4999A = {
						CreatedOnToolsVersion = 15.4;
					};
					E4CD66E62C08625100E4999A = {
						CreatedOnToolsVersion = 15.4;
						TestTargetID = E4CD66D62C08625000E4999A;
					};
					E4CD66F02C08625100E4999A = {
						CreatedOnToolsVersion = 15.4;
						TestTargetID = E4CD66D62C08625000E4999A;
					};
				};
			};
			buildConfigurationList = E4CD66D22C08625000E4999A /* Build configuration list for PBXProject "profilr" */;
			compatibilityVersion = "Xcode 14.0";
			developmentRegion = en;
			hasScannedForEncodings = 0;
			knownRegions = (
				en,
				Base,
			);
			mainGroup = E4CD66CE2C08625000E4999A;
			productRefGroup = E4CD66D82C08625000E4999A /* Products */;
			projectDirPath = "";
			projectRoot = "";
			targets = (
				E4CD66D62C08625000E4999A /* profilr */,
				E4CD66E62C08625100E4999A /* profilrTests */,
				E4CD66F02C08625100E4999A /* profilrUITests */,
			);
		};
/* End PBXProject section */

/* Begin PBXResourcesBuildPhase section */
		E4CD66D52C08625000E4999A /* Resources */ = {
			isa = PBXResourcesBuildPhase;
			buildActionMask = 2147483647;
			files = (
				E4CD66E22C08625100E4999A /* Preview Assets.xcassets in Resources */,
				E4CD66DF2C08625100E4999A /* Assets.xcassets in Resources */,
			);
			runOnlyForDeploymentPostprocessing = 0;
		};
		E4CD66E52C08625100E4999A /* Resources */ = {
			isa = PBXResourcesBuildPhase;
			buildActionMask = 2147483647;
			files = (
			);
			runOnlyForDeploymentPostprocessing = 0;
		};
		E4CD66EF2C08625100E4999A /* Resources */ = {
			isa = PBXResourcesBuildPhase;
			buildActionMask = 2147483647;
			files = (
			);
			runOnlyForDeploymentPostprocessing = 0;
		};
/* End PBXResourcesBuildPhase section */

/* Begin PBXSourcesBuildPhase section */
		E4CD66D32C08625000E4999A /* Sources */ = {
			isa = PBXSourcesBuildPhase;
			buildActionMask = 2147483647;
			files = (
				E4CD67082C08647600E4999A /* RegisterView.swift in Sources */,
				E4CD66DD2C08625000E4999A /* ContentView.swift in Sources */,
				E4CD670A2C086B5800E4999A /* LoginView.swift in Sources */,
				E4CD66DB2C08625000E4999A /* profilrApp.swift in Sources */,
			);
			runOnlyForDeploymentPostprocessing = 0;
		};
		E4CD66E32C08625100E4999A /* Sources */ = {
			isa = PBXSourcesBuildPhase;
			buildActionMask = 2147483647;
			files = (
				E4CD66EC2C08625100E4999A /* profilrTests.swift in Sources */,
			);
			runOnlyForDeploymentPostprocessing = 0;
		};
		E4CD66ED2C08625100E4999A /* Sources */ = {
			isa = PBXSourcesBuildPhase;
			buildActionMask = 2147483647;
			files = (
				E4CD66F62C08625100E4999A /* profilrUITests.swift in Sources */,
				E4CD66F82C08625100E4999A /* profilrUITestsLaunchTests.swift in Sources */,
			);
			runOnlyForDeploymentPostprocessing = 0;
		};
/* End PBXSourcesBuildPhase section */

/* Begin PBXTargetDependency section */
		E4CD66E92C08625100E4999A /* PBXTargetDependency */ = {
			isa = PBXTargetDependency;
			target = E4CD66D62C08625000E4999A /* profilr */;
			targetProxy = E4CD66E82C08625100E4999A /* PBXContainerItemProxy */;
		};
		E4CD66F32C08625100E4999A /* PBXTargetDependency */ = {
			isa = PBXTargetDependency;
			target = E4CD66D62C08625000E4999A /* profilr */;
			targetProxy = E4CD66F22C08625100E4999A /* PBXContainerItemProxy */;
		};
/* End PBXTargetDependency section */

/* Begin XCBuildConfiguration section */
		E4CD66F92C08625100E4999A /* Debug */ = {
			isa = XCBuildConfiguration;
			buildSettings = {
				ALWAYS_SEARCH_USER_PATHS = NO;
				ASSETCATALOG_COMPILER_GENERATE_SWIFT_ASSET_SYMBOL_EXTENSIONS = YES;
				CLANG_ANALYZER_NONNULL = YES;
				CLANG_ANALYZER_NUMBER_OBJECT_CONVERSION = YES_AGGRESSIVE;
				CLANG_CXX_LANGUAGE_STANDARD = "gnu++20";
				CLANG_ENABLE_MODULES = YES;
				CLANG_ENABLE_OBJC_ARC = YES;
				CLANG_ENABLE_OBJC_WEAK = YES;
				CLANG_WARN_BLOCK_CAPTURE_AUTORELEASING = YES;
				CLANG_WARN_BOOL_CONVERSION = YES;
				CLANG_WARN_COMMA = YES;
				CLANG_WARN_CONSTANT_CONVERSION = YES;
				CLANG_WARN_DEPRECATED_OBJC_IMPLEMENTATIONS = YES;
				CLANG_WARN_DIRECT_OBJC_ISA_USAGE = YES_ERROR;
				CLANG_WARN_DOCUMENTATION_COMMENTS = YES;
				CLANG_WARN_EMPTY_BODY = YES;
				CLANG_WARN_ENUM_CONVERSION = YES;
				CLANG_WARN_INFINITE_RECURSION = YES;
				CLANG_WARN_INT_CONVERSION = YES;
				CLANG_WARN_NON_LITERAL_NULL_CONVERSION = YES;
				CLANG_WARN_OBJC_IMPLICIT_RETAIN_SELF = YES;
				CLANG_WARN_OBJC_LITERAL_CONVERSION = YES;
				CLANG_WARN_OBJC_ROOT_CLASS = YES_ERROR;
				CLANG_WARN_QUOTED_INCLUDE_IN_FRAMEWORK_HEADER = YES;
				CLANG_WARN_RANGE_LOOP_ANALYSIS = YES;
				CLANG_WARN_STRICT_PROTOTYPES = YES;
				CLANG_WARN_SUSPICIOUS_MOVE = YES;
				CLANG_WARN_UNGUARDED_AVAILABILITY = YES_AGGRESSIVE;
				CLANG_WARN_UNREACHABLE_CODE = YES;
				CLANG_WARN__DUPLICATE_METHOD_MATCH = YES;
				COPY_PHASE_STRIP = NO;
				DEBUG_INFORMATION_FORMAT = dwarf;
				ENABLE_STRICT_OBJC_MSGSEND = YES;
				ENABLE_TESTABILITY = YES;
				ENABLE_USER_SCRIPT_SANDBOXING = YES;
				GCC_C_LANGUAGE_STANDARD = gnu17;
				GCC_DYNAMIC_NO_PIC = NO;
				GCC_NO_COMMON_BLOCKS = YES;
				GCC_OPTIMIZATION_LEVEL = 0;
				GCC_PREPROCESSOR_DEFINITIONS = (
					"DEBUG=1",
					"$(inherited)",
				);
				GCC_WARN_64_TO_32_BIT_CONVERSION = YES;
				GCC_WARN_ABOUT_RETURN_TYPE = YES_ERROR;
				GCC_WARN_UNDECLARED_SELECTOR = YES;
				GCC_WARN_UNINITIALIZED_AUTOS = YES_AGGRESSIVE;
				GCC_WARN_UNUSED_FUNCTION = YES;
				GCC_WARN_UNUSED_VARIABLE = YES;
				IPHONEOS_DEPLOYMENT_TARGET = 17.5;
				LOCALIZATION_PREFERS_STRING_CATALOGS = YES;
				MTL_ENABLE_DEBUG_INFO = INCLUDE_SOURCE;
				MTL_FAST_MATH = YES;
				ONLY_ACTIVE_ARCH = YES;
				SDKROOT = iphoneos;
				SWIFT_ACTIVE_COMPILATION_CONDITIONS = "DEBUG $(inherited)";
				SWIFT_OPTIMIZATION_LEVEL = "-Onone";
			};
			name = Debug;
		};
		E4CD66FA2C08625100E4999A /* Release */ = {
			isa = XCBuildConfiguration;
			buildSettings = {
				ALWAYS_SEARCH_USER_PATHS = NO;
				ASSETCATALOG_COMPILER_GENERATE_SWIFT_ASSET_SYMBOL_EXTENSIONS = YES;
				CLANG_ANALYZER_NONNULL = YES;
				CLANG_ANALYZER_NUMBER_OBJECT_CONVERSION = YES_AGGRESSIVE;
				CLANG_CXX_LANGUAGE_STANDARD = "gnu++20";
				CLANG_ENABLE_MODULES = YES;
				CLANG_ENABLE_OBJC_ARC = YES;
				CLANG_ENABLE_OBJC_WEAK = YES;
				CLANG_WARN_BLOCK_CAPTURE_AUTORELEASING = YES;
				CLANG_WARN_BOOL_CONVERSION = YES;
				CLANG_WARN_COMMA = YES;
				CLANG_WARN_CONSTANT_CONVERSION = YES;
				CLANG_WARN_DEPRECATED_OBJC_IMPLEMENTATIONS = YES;
				CLANG_WARN_DIRECT_OBJC_ISA_USAGE = YES_ERROR;
				CLANG_WARN_DOCUMENTATION_COMMENTS = YES;
				CLANG_WARN_EMPTY_BODY = YES;
				CLANG_WARN_ENUM_CONVERSION = YES;
				CLANG_WARN_INFINITE_RECURSION = YES;
				CLANG_WARN_INT_CONVERSION = YES;
				CLANG_WARN_NON_LITERAL_NULL_CONVERSION = YES;
				CLANG_WARN_OBJC_IMPLICIT_RETAIN_SELF = YES;
				CLANG_WARN_OBJC_LITERAL_CONVERSION = YES;
				CLANG_WARN_OBJC_ROOT_CLASS = YES_ERROR;
				CLANG_WARN_QUOTED_INCLUDE_IN_FRAMEWORK_HEADER = YES;
				CLANG_WARN_RANGE_LOOP_ANALYSIS = YES;
				CLANG_WARN_STRICT_PROTOTYPES = YES;
				CLANG_WARN_SUSPICIOUS_MOVE = YES;
				CLANG_WARN_UNGUARDED_AVAILABILITY = YES_AGGRESSIVE;
				CLANG_WARN_UNREACHABLE_CODE = YES;
				CLANG_WARN__DUPLICATE_METHOD_MATCH = YES;
				COPY_PHASE_STRIP = NO;
				DEBUG_INFORMATION_FORMAT = "dwarf-with-dsym";
				ENABLE_NS_ASSERTIONS = NO;
				ENABLE_STRICT_OBJC_MSGSEND = YES;
				ENABLE_USER_SCRIPT_SANDBOXING = YES;
				GCC_C_LANGUAGE_STANDARD = gnu17;
				GCC_NO_COMMON_BLOCKS = YES;
				GCC_WARN_64_TO_32_BIT_CONVERSION = YES;
				GCC_WARN_ABOUT_RETURN_TYPE = YES_ERROR;
				GCC_WARN_UNDECLARED_SELECTOR = YES;
				GCC_WARN_UNINITIALIZED_AUTOS = YES_AGGRESSIVE;
				GCC_WARN_UNUSED_FUNCTION = YES;
				GCC_WARN_UNUSED_VARIABLE = YES;
				IPHONEOS_DEPLOYMENT_TARGET = 17.5;
				LOCALIZATION_PREFERS_STRING_CATALOGS = YES;
				MTL_ENABLE_DEBUG_INFO = NO;
				MTL_FAST_MATH = YES;
				SDKROOT = iphoneos;
				SWIFT_COMPILATION_MODE = wholemodule;
				VALIDATE_PRODUCT = YES;
			};
			name = Release;
		};
		E4CD66FC2C08625100E4999A /* Debug */ = {
			isa = XCBuildConfiguration;
			buildSettings = {
				ASSETCATALOG_COMPILER_APPICON_NAME = AppIcon;
				ASSETCATALOG_COMPILER_GLOBAL_ACCENT_COLOR_NAME = AccentColor;
				CODE_SIGN_STYLE = Automatic;
				CURRENT_PROJECT_VERSION = 1;
				DEVELOPMENT_ASSET_PATHS = "\"profilr/Preview Content\"";
				DEVELOPMENT_TEAM = VD7UWGN2GV;
				ENABLE_PREVIEWS = YES;
				GENERATE_INFOPLIST_FILE = YES;
				INFOPLIST_KEY_UIApplicationSceneManifest_Generation = YES;
				INFOPLIST_KEY_UIApplicationSupportsIndirectInputEvents = YES;
				INFOPLIST_KEY_UILaunchScreen_Generation = YES;
				INFOPLIST_KEY_UISupportedInterfaceOrientations_iPad = "UIInterfaceOrientationPortrait UIInterfaceOrientationPortraitUpsideDown UIInterfaceOrientationLandscapeLeft UIInterfaceOrientationLandscapeRight";
				INFOPLIST_KEY_UISupportedInterfaceOrientations_iPhone = "UIInterfaceOrientationPortrait UIInterfaceOrientationLandscapeLeft UIInterfaceOrientationLandscapeRight";
				LD_RUNPATH_SEARCH_PATHS = (
					"$(inherited)",
					"@executable_path/Frameworks",
				);
				MARKETING_VERSION = 1.0;
				PRODUCT_BUNDLE_IDENTIFIER = supdevinci.profilr;
				PRODUCT_NAME = "$(TARGET_NAME)";
				SWIFT_EMIT_LOC_STRINGS = YES;
				SWIFT_VERSION = 5.0;
				TARGETED_DEVICE_FAMILY = "1,2";
			};
			name = Debug;
		};
		E4CD66FD2C08625100E4999A /* Release */ = {
			isa = XCBuildConfiguration;
			buildSettings = {
				ASSETCATALOG_COMPILER_APPICON_NAME = AppIcon;
				ASSETCATALOG_COMPILER_GLOBAL_ACCENT_COLOR_NAME = AccentColor;
				CODE_SIGN_STYLE = Automatic;
				CURRENT_PROJECT_VERSION = 1;
				DEVELOPMENT_ASSET_PATHS = "\"profilr/Preview Content\"";
				DEVELOPMENT_TEAM = VD7UWGN2GV;
				ENABLE_PREVIEWS = YES;
				GENERATE_INFOPLIST_FILE = YES;
				INFOPLIST_KEY_UIApplicationSceneManifest_Generation = YES;
				INFOPLIST_KEY_UIApplicationSupportsIndirectInputEvents = YES;
				INFOPLIST_KEY_UILaunchScreen_Generation = YES;
				INFOPLIST_KEY_UISupportedInterfaceOrientations_iPad = "UIInterfaceOrientationPortrait UIInterfaceOrientationPortraitUpsideDown UIInterfaceOrientationLandscapeLeft UIInterfaceOrientationLandscapeRight";
				INFOPLIST_KEY_UISupportedInterfaceOrientations_iPhone = "UIInterfaceOrientationPortrait UIInterfaceOrientationLandscapeLeft UIInterfaceOrientationLandscapeRight";
				LD_RUNPATH_SEARCH_PATHS = (
					"$(inherited)",
					"@executable_path/Frameworks",
				);
				MARKETING_VERSION = 1.0;
				PRODUCT_BUNDLE_IDENTIFIER = supdevinci.profilr;
				PRODUCT_NAME = "$(TARGET_NAME)";
				SWIFT_EMIT_LOC_STRINGS = YES;
				SWIFT_VERSION = 5.0;
				TARGETED_DEVICE_FAMILY = "1,2";
			};
			name = Release;
		};
		E4CD66FF2C08625100E4999A /* Debug */ = {
			isa = XCBuildConfiguration;
			buildSettings = {
				ALWAYS_EMBED_SWIFT_STANDARD_LIBRARIES = YES;
				BUNDLE_LOADER = "$(TEST_HOST)";
				CODE_SIGN_STYLE = Automatic;
				CURRENT_PROJECT_VERSION = 1;
				DEVELOPMENT_TEAM = VD7UWGN2GV;
				GENERATE_INFOPLIST_FILE = YES;
				IPHONEOS_DEPLOYMENT_TARGET = 17.5;
				MARKETING_VERSION = 1.0;
				PRODUCT_BUNDLE_IDENTIFIER = supdevinci.profilrTests;
				PRODUCT_NAME = "$(TARGET_NAME)";
				SWIFT_EMIT_LOC_STRINGS = NO;
				SWIFT_VERSION = 5.0;
				TARGETED_DEVICE_FAMILY = "1,2";
				TEST_HOST = "$(BUILT_PRODUCTS_DIR)/profilr.app/$(BUNDLE_EXECUTABLE_FOLDER_PATH)/profilr";
			};
			name = Debug;
		};
		E4CD67002C08625100E4999A /* Release */ = {
			isa = XCBuildConfiguration;
			buildSettings = {
				ALWAYS_EMBED_SWIFT_STANDARD_LIBRARIES = YES;
				BUNDLE_LOADER = "$(TEST_HOST)";
				CODE_SIGN_STYLE = Automatic;
				CURRENT_PROJECT_VERSION = 1;
				DEVELOPMENT_TEAM = VD7UWGN2GV;
				GENERATE_INFOPLIST_FILE = YES;
				IPHONEOS_DEPLOYMENT_TARGET = 17.5;
				MARKETING_VERSION = 1.0;
				PRODUCT_BUNDLE_IDENTIFIER = supdevinci.profilrTests;
				PRODUCT_NAME = "$(TARGET_NAME)";
				SWIFT_EMIT_LOC_STRINGS = NO;
				SWIFT_VERSION = 5.0;
				TARGETED_DEVICE_FAMILY = "1,2";
				TEST_HOST = "$(BUILT_PRODUCTS_DIR)/profilr.app/$(BUNDLE_EXECUTABLE_FOLDER_PATH)/profilr";
			};
			name = Release;
		};
		E4CD67022C08625100E4999A /* Debug */ = {
			isa = XCBuildConfiguration;
			buildSettings = {
				ALWAYS_EMBED_SWIFT_STANDARD_LIBRARIES = YES;
				CODE_SIGN_STYLE = Automatic;
				CURRENT_PROJECT_VERSION = 1;
				DEVELOPMENT_TEAM = VD7UWGN2GV;
				GENERATE_INFOPLIST_FILE = YES;
				MARKETING_VERSION = 1.0;
				PRODUCT_BUNDLE_IDENTIFIER = supdevinci.profilrUITests;
				PRODUCT_NAME = "$(TARGET_NAME)";
				SWIFT_EMIT_LOC_STRINGS = NO;
				SWIFT_VERSION = 5.0;
				TARGETED_DEVICE_FAMILY = "1,2";
				TEST_TARGET_NAME = profilr;
			};
			name = Debug;
		};
		E4CD67032C08625100E4999A /* Release */ = {
			isa = XCBuildConfiguration;
			buildSettings = {
				ALWAYS_EMBED_SWIFT_STANDARD_LIBRARIES = YES;
				CODE_SIGN_STYLE = Automatic;
				CURRENT_PROJECT_VERSION = 1;
				DEVELOPMENT_TEAM = VD7UWGN2GV;
				GENERATE_INFOPLIST_FILE = YES;
				MARKETING_VERSION = 1.0;
				PRODUCT_BUNDLE_IDENTIFIER = supdevinci.profilrUITests;
				PRODUCT_NAME = "$(TARGET_NAME)";
				SWIFT_EMIT_LOC_STRINGS = NO;
				SWIFT_VERSION = 5.0;
				TARGETED_DEVICE_FAMILY = "1,2";
				TEST_TARGET_NAME = profilr;
			};
			name = Release;
		};
/* End XCBuildConfiguration section */

/* Begin XCConfigurationList section */
		E4CD66D22C08625000E4999A /* Build configuration list for PBXProject "profilr" */ = {
			isa = XCConfigurationList;
			buildConfigurations = (
				E4CD66F92C08625100E4999A /* Debug */,
				E4CD66FA2C08625100E4999A /* Release */,
			);
			defaultConfigurationIsVisible = 0;
			defaultConfigurationName = Release;
		};
		E4CD66FB2C08625100E4999A /* Build configuration list for PBXNativeTarget "profilr" */ = {
			isa = XCConfigurationList;
			buildConfigurations = (
				E4CD66FC2C08625100E4999A /* Debug */,
				E4CD66FD2C08625100E4999A /* Release */,
			);
			defaultConfigurationIsVisible = 0;
			defaultConfigurationName = Release;
		};
		E4CD66FE2C08625100E4999A /* Build configuration list for PBXNativeTarget "profilrTests" */ = {
			isa = XCConfigurationList;
			buildConfigurations = (
				E4CD66FF2C08625100E4999A /* Debug */,
				E4CD67002C08625100E4999A /* Release */,
			);
			defaultConfigurationIsVisible = 0;
			defaultConfigurationName = Release;
		};
		E4CD67012C08625100E4999A /* Build configuration list for PBXNativeTarget "profilrUITests" */ = {
			isa = XCConfigurationList;
			buildConfigurations = (
				E4CD67022C08625100E4999A /* Debug */,
				E4CD67032C08625100E4999A /* Release */,
			);
			defaultConfigurationIsVisible = 0;
			defaultConfigurationName = Release;
		};
/* End XCConfigurationList section */
	};
	rootObject = E4CD66CF2C08625000E4999A /* Project object */;
}
